
Microsoft Visual Studio Solution File, Format Version 12.00
# Visual Studio Version 17
VisualStudioVersion = 17.3.32922.545
MinimumVisualStudioVersion = 10.0.40219.1
Project("{FAE04EC0-301F-11D3-BF4B-00C04F79EFBC}") = "WindowsFormsApp1", "WindowsFormsApp1\WindowsFormsApp1.csproj", "{2853F4FF-260C-45B2-B9DA-77DB610A364D}"
EndProject
Global
	GlobalSection(SolutionConfigurationPlatforms) = preSolution
		Debug|Any CPU = Debug|Any CPU
		Release|Any CPU = Release|Any CPU
	EndGlobalSection
	GlobalSection(ProjectConfigurationPlatforms) = postSolution
		{2853F4FF-260C-45B2-B9DA-77DB610A364D}.Debug|Any CPU.ActiveCfg = Debug|Any CPU
		{2853F4FF-260C-45B2-B9DA-77DB610A364D}.Debug|Any CPU.Build.0 = Debug|Any CPU
		{2853F4FF-260C-45B2-B9DA-77DB610A364D}.Release|Any CPU.ActiveCfg = Release|Any CPU
		{2853F4FF-260C-45B2-B9DA-77DB610A364D}.Release|Any CPU.Build.0 = Release|Any CPU
	EndGlobalSection
	GlobalSection(SolutionProperties) = preSolution
		HideSolutionNode = FALSE
	EndGlobalSection
	GlobalSection(ExtensibilityGlobals) = postSolution
		SolutionGuid = {0C9D6278-1913-421B-93E6-967D01310B05}
	EndGlobalSection
EndGlobal
